
Microsoft Visual Studio Solution File, Format Version 12.00
# Visual Studio Version 17
VisualStudioVersion = 17.8.34511.84
MinimumVisualStudioVersion = 10.0.40219.1
Project("{9A19103F-16F7-4668-BE54-9A1E7A4F7556}") = "MarketBasketAnalysis.Server.API", "MarketBasketAnalysis.Server.API\MarketBasketAnalysis.Server.API.csproj", "{F537E21F-167A-4FF5-8BAF-236B89C67096}"
EndProject
Project("{E53339B2-1760-4266-BCC7-CA923CBCF16C}") = "MarketBasketAnalysis.Server.App", "MarketBasketAnalysis.Server.App\MarketBasketAnalysis.Server.App.dcproj", "{4B6EF177-1132-425C-A613-DBC5EC774F02}"
EndProject
Project("{2150E333-8FDC-42A3-9474-1A3956D46DE8}") = "Solution Items", "Solution Items", "{67AFAD2F-6AC6-4620-98C1-4071C9152C74}"
	ProjectSection(SolutionItems) = preProject
		.editorconfig = .editorconfig
	EndProjectSection
EndProject
Project("{9A19103F-16F7-4668-BE54-9A1E7A4F7556}") = "MarketBasketAnalysis.Server.Data", "MarketBasketAnalysis.Server.Data\MarketBasketAnalysis.Server.Data.csproj", "{E28AEAE7-ADE3-4900-9FEA-82FE85249EE8}"
EndProject
Project("{9A19103F-16F7-4668-BE54-9A1E7A4F7556}") = "MarketBasketAnalysis.Server.Application", "MarketBasketAnalysis.Server.Application\MarketBasketAnalysis.Server.Application.csproj", "{1BCF07B3-6C72-4E8C-A595-5A68E7FEA310}"
EndProject
Project("{9A19103F-16F7-4668-BE54-9A1E7A4F7556}") = "MarketBasketAnalysis.Common.Protos", "MarketBasketAnalysis.Common.Protos\MarketBasketAnalysis.Common.Protos.csproj", "{BAFA7BA8-B1B0-4171-AEAE-BA6492C65ABF}"
EndProject
Global
	GlobalSection(SolutionConfigurationPlatforms) = preSolution
		Debug|Any CPU = Debug|Any CPU
		Release|Any CPU = Release|Any CPU
	EndGlobalSection
	GlobalSection(ProjectConfigurationPlatforms) = postSolution
		{F537E21F-167A-4FF5-8BAF-236B89C67096}.Debug|Any CPU.ActiveCfg = Debug|Any CPU
		{F537E21F-167A-4FF5-8BAF-236B89C67096}.Debug|Any CPU.Build.0 = Debug|Any CPU
		{F537E21F-167A-4FF5-8BAF-236B89C67096}.Release|Any CPU.ActiveCfg = Release|Any CPU
		{F537E21F-167A-4FF5-8BAF-236B89C67096}.Release|Any CPU.Build.0 = Release|Any CPU
		{4B6EF177-1132-425C-A613-DBC5EC774F02}.Debug|Any CPU.ActiveCfg = Debug|Any CPU
		{4B6EF177-1132-425C-A613-DBC5EC774F02}.Debug|Any CPU.Build.0 = Debug|Any CPU
		{4B6EF177-1132-425C-A613-DBC5EC774F02}.Release|Any CPU.ActiveCfg = Release|Any CPU
		{4B6EF177-1132-425C-A613-DBC5EC774F02}.Release|Any CPU.Build.0 = Release|Any CPU
		{E28AEAE7-ADE3-4900-9FEA-82FE85249EE8}.Debug|Any CPU.ActiveCfg = Debug|Any CPU
		{E28AEAE7-ADE3-4900-9FEA-82FE85249EE8}.Debug|Any CPU.Build.0 = Debug|Any CPU
		{E28AEAE7-ADE3-4900-9FEA-82FE85249EE8}.Release|Any CPU.ActiveCfg = Release|Any CPU
		{E28AEAE7-ADE3-4900-9FEA-82FE85249EE8}.Release|Any CPU.Build.0 = Release|Any CPU
		{1BCF07B3-6C72-4E8C-A595-5A68E7FEA310}.Debug|Any CPU.ActiveCfg = Debug|Any CPU
		{1BCF07B3-6C72-4E8C-A595-5A68E7FEA310}.Debug|Any CPU.Build.0 = Debug|Any CPU
		{1BCF07B3-6C72-4E8C-A595-5A68E7FEA310}.Release|Any CPU.ActiveCfg = Release|Any CPU
		{1BCF07B3-6C72-4E8C-A595-5A68E7FEA310}.Release|Any CPU.Build.0 = Release|Any CPU
		{BAFA7BA8-B1B0-4171-AEAE-BA6492C65ABF}.Debug|Any CPU.ActiveCfg = Debug|Any CPU
		{BAFA7BA8-B1B0-4171-AEAE-BA6492C65ABF}.Debug|Any CPU.Build.0 = Debug|Any CPU
		{BAFA7BA8-B1B0-4171-AEAE-BA6492C65ABF}.Release|Any CPU.ActiveCfg = Release|Any CPU
		{BAFA7BA8-B1B0-4171-AEAE-BA6492C65ABF}.Release|Any CPU.Build.0 = Release|Any CPU
	EndGlobalSection
	GlobalSection(SolutionProperties) = preSolution
		HideSolutionNode = FALSE
	EndGlobalSection
	GlobalSection(ExtensibilityGlobals) = postSolution
		SolutionGuid = {92FD61DE-09C4-48D6-8FFA-59C24416914A}
	EndGlobalSection
EndGlobal
